
Microsoft Visual Studio Solution File, Format Version 12.00
# Visual Studio 15
VisualStudioVersion = 15.0.28307.168
MinimumVisualStudioVersion = 10.0.40219.1
Project("{FAE04EC0-301F-11D3-BF4B-00C04F79EFBC}") = "Api", "Api\Api.csproj", "{586597E5-083D-436A-959C-CBB3EC00FC21}"
EndProject
Global
	GlobalSection(SolutionConfigurationPlatforms) = preSolution
		Debug|Any CPU = Debug|Any CPU
		Release|Any CPU = Release|Any CPU
	EndGlobalSection
	GlobalSection(ProjectConfigurationPlatforms) = postSolution
		{586597E5-083D-436A-959C-CBB3EC00FC21}.Debug|Any CPU.ActiveCfg = Debug|Any CPU
		{586597E5-083D-436A-959C-CBB3EC00FC21}.Debug|Any CPU.Build.0 = Debug|Any CPU
		{586597E5-083D-436A-959C-CBB3EC00FC21}.Release|Any CPU.ActiveCfg = Release|Any CPU
		{586597E5-083D-436A-959C-CBB3EC00FC21}.Release|Any CPU.Build.0 = Release|Any CPU
	EndGlobalSection
	GlobalSection(SolutionProperties) = preSolution
		HideSolutionNode = FALSE
	EndGlobalSection
	GlobalSection(ExtensibilityGlobals) = postSolution
		SolutionGuid = {5C18311B-4279-4C86-BAC8-B075F2C4A74C}
	EndGlobalSection
EndGlobal
